[[tools.bundler]]
version = "2.5.7"
backend = "asdf:jonathanmorley/asdf-bundler"

[[tools.cocoapods]]
version = "1.14.3"
backend = "asdf:mise-plugins/mise-cocoapods"

[[tools."gem:activesupport"]]
version = "7.0.8.4"
backend = "gem:activesupport"

[[tools.java]]
version = "zulu-17.64.17.0"
backend = "core:java"

[[tools.node]]
version = "22.13.1"
backend = "core:node"
"platforms.linux-arm64" = { checksum = "sha256:911d9c07af38c82be22cd0a3db613aabc578ba940b35380aeedadd6d48070bc1", url = "https://nodejs.org/dist/v22.13.1/node-v22.13.1-linux-arm64.tar.gz"}
"platforms.linux-x64" = { checksum = "sha256:666148b9fe0c7e1301cc1b029e33a45e9e4a893f68d2d2bb1cc88a931a88a004", url = "https://nodejs.org/dist/v22.13.1/node-v22.13.1-linux-x64.tar.gz"}
"platforms.macos-arm64" = { checksum = "sha256:97483ff4361d239a56d038c6335767a56a291e78c10f07446f463f05d9d19b89", url = "https://nodejs.org/dist/v22.13.1/node-v22.13.1-darwin-arm64.tar.gz"}
"platforms.macos-x64" = { checksum = "sha256:6fdcc8412d434664238b0651ebd5ad55d15a08598ff42dcb6d9cf1d434a6c4be", url = "https://nodejs.org/dist/v22.13.1/node-v22.13.1-darwin-x64.tar.gz"}
"platforms.windows-x64" = { checksum = "sha256:398a61e250a5584a62a5959e2f69f5d597fc83f1a5ebe3ed8fff29ba39d55f14", url = "https://nodejs.org/dist/v22.13.1/node-v22.13.1-win-x64.zip"}

[[tools.pnpm]]
version = "10.24.0"
backend = "aqua:pnpm/pnpm"
"platforms.linux-arm64" = { checksum = "sha256:1447737a6e8003386507fdcdafa376289b4abfff5867c8ba6a189b2fded13a4b", url = "https://github.com/pnpm/pnpm/releases/download/v10.24.0/pnpm-linux-arm64"}
"platforms.linux-x64" = { checksum = "sha256:985824ae016db3c7bbd7b39dcb4e6f5740b11cce79f5c43d5e5e640768fd4806", url = "https://github.com/pnpm/pnpm/releases/download/v10.24.0/pnpm-linux-x64"}
"platforms.macos-arm64" = { checksum = "sha256:e3978826faa5fa7fdf63b752afc7a1bc4585ecd591b899fb956ebdd4e49f5db8", url = "https://github.com/pnpm/pnpm/releases/download/v10.24.0/pnpm-macos-arm64"}
"platforms.macos-x64" = { checksum = "sha256:8694dabaa7d29ece4db8cfa62e0582637e6ce70138ee8e8c5dbd58a5d1c8513d", url = "https://github.com/pnpm/pnpm/releases/download/v10.24.0/pnpm-macos-x64"}
"platforms.windows-x64" = { checksum = "sha256:e966e249a55c5d56d5d1844d220861b801c892148e763c66e95dadb9bd257d3f", url = "https://github.com/pnpm/pnpm/releases/download/v10.24.0/pnpm-win-x64.exe"}

[[tools.ruby]]
version = "3.3.7"
backend = "core:ruby"
"platforms.linux-arm64" = { checksum = "sha256:10cf4670fbbf07a3a865da6afefe2a96d7039f665e3d3149fa602b245f78c021", url = "https://github.com/jdx/ruby/releases/download/3.3.7/ruby-3.3.7.arm64_linux.tar.gz"}
"platforms.linux-x64" = { checksum = "sha256:f8322097295b09cc5f26b0c44eff82ecb94af8415735216ba3362a5f7d5e3e03", url = "https://github.com/jdx/ruby/releases/download/3.3.7/ruby-3.3.7.x86_64_linux.tar.gz"}
"platforms.macos-arm64" = { checksum = "sha256:20620b53d419c950ea44f1e0971b6e19194e0c72fd4f7954a38f2c70e5af41d0", url = "https://github.com/jdx/ruby/releases/download/3.3.7/ruby-3.3.7.macos.tar.gz"}
"platforms.macos-x64" = { checksum = "sha256:9c37c3b12288c7aec20ca121ce76845be5bb5d77662a24919651aaf1d12c8628", url = "https://cache.ruby-lang.org/pub/ruby/3.3/ruby-3.3.7.tar.gz"}
"platforms.windows-x64" = { url = "https://github.com/oneclick/rubyinstaller2/releases/download/RubyInstaller-3.3.7-1/rubyinstaller-3.3.7-1-x64.7z"}
